
Microsoft Visual Studio Solution File, Format Version 12.00
# Visual Studio Version 17
VisualStudioVersion = 17.7.34024.191
MinimumVisualStudioVersion = 10.0.40219.1
Project("{FAE04EC0-301F-11D3-BF4B-00C04F79EFBC}") = "RPG_Map", "RPG_Map\RPG_Map.csproj", "{F4879268-7B23-44C4-BB9B-E88EE39F9DAD}"
EndProject
Global
	GlobalSection(SolutionConfigurationPlatforms) = preSolution
		Debug|Any CPU = Debug|Any CPU
		Release|Any CPU = Release|Any CPU
	EndGlobalSection
	GlobalSection(ProjectConfigurationPlatforms) = postSolution
		{F4879268-7B23-44C4-BB9B-E88EE39F9DAD}.Debug|Any CPU.ActiveCfg = Debug|Any CPU
		{F4879268-7B23-44C4-BB9B-E88EE39F9DAD}.Debug|Any CPU.Build.0 = Debug|Any CPU
		{F4879268-7B23-44C4-BB9B-E88EE39F9DAD}.Release|Any CPU.ActiveCfg = Release|Any CPU
		{F4879268-7B23-44C4-BB9B-E88EE39F9DAD}.Release|Any CPU.Build.0 = Release|Any CPU
	EndGlobalSection
	GlobalSection(SolutionProperties) = preSolution
		HideSolutionNode = FALSE
	EndGlobalSection
	GlobalSection(ExtensibilityGlobals) = postSolution
		SolutionGuid = {167D06E4-96AA-473C-A40D-E6052C9FF8EE}
	EndGlobalSection
EndGlobal
